
Microsoft Visual Studio Solution File, Format Version 12.00
# Visual Studio 15
VisualStudioVersion = 15.0.26228.9
MinimumVisualStudioVersion = 10.0.40219.1
Project("{FAE04EC0-301F-11D3-BF4B-00C04F79EFBC}") = "AdGloriam.Server", "AdGloriam.Server\AdGloriam.Server.csproj", "{96E18C59-EA97-4028-A85F-D7E0068936B1}"
EndProject
Project("{FAE04EC0-301F-11D3-BF4B-00C04F79EFBC}") = "AdGloriam.Client", "AdGloriam.Client\AdGloriam.Client.csproj", "{B06964F2-76FF-45FB-902B-2DEBB5311B94}"
EndProject
Global
	GlobalSection(SolutionConfigurationPlatforms) = preSolution
		Debug|Any CPU = Debug|Any CPU
		Release|Any CPU = Release|Any CPU
	EndGlobalSection
	GlobalSection(ProjectConfigurationPlatforms) = postSolution
		{96E18C59-EA97-4028-A85F-D7E0068936B1}.Debug|Any CPU.ActiveCfg = Debug|Any CPU
		{96E18C59-EA97-4028-A85F-D7E0068936B1}.Debug|Any CPU.Build.0 = Debug|Any CPU
		{96E18C59-EA97-4028-A85F-D7E0068936B1}.Release|Any CPU.ActiveCfg = Release|Any CPU
		{96E18C59-EA97-4028-A85F-D7E0068936B1}.Release|Any CPU.Build.0 = Release|Any CPU
		{B06964F2-76FF-45FB-902B-2DEBB5311B94}.Debug|Any CPU.ActiveCfg = Debug|Any CPU
		{B06964F2-76FF-45FB-902B-2DEBB5311B94}.Debug|Any CPU.Build.0 = Debug|Any CPU
		{B06964F2-76FF-45FB-902B-2DEBB5311B94}.Release|Any CPU.ActiveCfg = Release|Any CPU
		{B06964F2-76FF-45FB-902B-2DEBB5311B94}.Release|Any CPU.Build.0 = Release|Any CPU
	EndGlobalSection
	GlobalSection(SolutionProperties) = preSolution
		HideSolutionNode = FALSE
	EndGlobalSection
EndGlobal
